
Microsoft Visual Studio Solution File, Format Version 12.00
# Visual Studio Version 17
VisualStudioVersion = 17.11.35208.52
MinimumVisualStudioVersion = 10.0.40219.1
Project("{FAE04EC0-301F-11D3-BF4B-00C04F79EFBC}") = "lab10", "lab10\lab10.csproj", "{021A8DEB-E99B-42E1-BC33-0D59AC40056B}"
EndProject
Global
	GlobalSection(SolutionConfigurationPlatforms) = preSolution
		Debug|Any CPU = Debug|Any CPU
		Release|Any CPU = Release|Any CPU
	EndGlobalSection
	GlobalSection(ProjectConfigurationPlatforms) = postSolution
		{021A8DEB-E99B-42E1-BC33-0D59AC40056B}.Debug|Any CPU.ActiveCfg = Debug|Any CPU
		{021A8DEB-E99B-42E1-BC33-0D59AC40056B}.Debug|Any CPU.Build.0 = Debug|Any CPU
		{021A8DEB-E99B-42E1-BC33-0D59AC40056B}.Release|Any CPU.ActiveCfg = Release|Any CPU
		{021A8DEB-E99B-42E1-BC33-0D59AC40056B}.Release|Any CPU.Build.0 = Release|Any CPU
	EndGlobalSection
	GlobalSection(SolutionProperties) = preSolution
		HideSolutionNode = FALSE
	EndGlobalSection
	GlobalSection(ExtensibilityGlobals) = postSolution
		SolutionGuid = {28D821C3-2C98-4D6E-B310-F15656847705}
	EndGlobalSection
EndGlobal
